
Microsoft Visual Studio Solution File, Format Version 12.00
# Visual Studio Version 16
VisualStudioVersion = 16.0.29519.181
MinimumVisualStudioVersion = 10.0.40219.1
Project("{9A19103F-16F7-4668-BE54-9A1E7A4F7556}") = "OAuthServer", "OAuthServer\OAuthServer.csproj", "{BFDCC2DC-E785-43A2-9EA4-61937E20FEB9}"
EndProject
Project("{9A19103F-16F7-4668-BE54-9A1E7A4F7556}") = "ApiResource", "ApiResource\ApiResource.csproj", "{6B8D0155-4ED8-47AA-B2AD-B1AA527414E1}"
EndProject
Project("{9A19103F-16F7-4668-BE54-9A1E7A4F7556}") = "MvcClient", "MvcClient\MvcClient.csproj", "{9437BC1D-A50C-4D2E-BFDE-E8ABA35F3B6D}"
EndProject
Project("{9A19103F-16F7-4668-BE54-9A1E7A4F7556}") = "MyWebApi", "MyWebApi\MyWebApi.csproj", "{B122C5F5-2952-47F4-BF94-02C1AC03A9FF}"
EndProject
Project("{FAE04EC0-301F-11D3-BF4B-00C04F79EFBC}") = "MyApp", "MyApp\MyApp.csproj", "{C4B02F64-1930-44FB-A3DF-F44DDA50B12D}"
EndProject
Global
	GlobalSection(SolutionConfigurationPlatforms) = preSolution
		Debug|Any CPU = Debug|Any CPU
		Release|Any CPU = Release|Any CPU
	EndGlobalSection
	GlobalSection(ProjectConfigurationPlatforms) = postSolution
		{BFDCC2DC-E785-43A2-9EA4-61937E20FEB9}.Debug|Any CPU.ActiveCfg = Debug|Any CPU
		{BFDCC2DC-E785-43A2-9EA4-61937E20FEB9}.Debug|Any CPU.Build.0 = Debug|Any CPU
		{BFDCC2DC-E785-43A2-9EA4-61937E20FEB9}.Release|Any CPU.ActiveCfg = Release|Any CPU
		{BFDCC2DC-E785-43A2-9EA4-61937E20FEB9}.Release|Any CPU.Build.0 = Release|Any CPU
		{6B8D0155-4ED8-47AA-B2AD-B1AA527414E1}.Debug|Any CPU.ActiveCfg = Debug|Any CPU
		{6B8D0155-4ED8-47AA-B2AD-B1AA527414E1}.Debug|Any CPU.Build.0 = Debug|Any CPU
		{6B8D0155-4ED8-47AA-B2AD-B1AA527414E1}.Release|Any CPU.ActiveCfg = Release|Any CPU
		{6B8D0155-4ED8-47AA-B2AD-B1AA527414E1}.Release|Any CPU.Build.0 = Release|Any CPU
		{9437BC1D-A50C-4D2E-BFDE-E8ABA35F3B6D}.Debug|Any CPU.ActiveCfg = Debug|Any CPU
		{9437BC1D-A50C-4D2E-BFDE-E8ABA35F3B6D}.Debug|Any CPU.Build.0 = Debug|Any CPU
		{9437BC1D-A50C-4D2E-BFDE-E8ABA35F3B6D}.Release|Any CPU.ActiveCfg = Release|Any CPU
		{9437BC1D-A50C-4D2E-BFDE-E8ABA35F3B6D}.Release|Any CPU.Build.0 = Release|Any CPU
		{B122C5F5-2952-47F4-BF94-02C1AC03A9FF}.Debug|Any CPU.ActiveCfg = Debug|Any CPU
		{B122C5F5-2952-47F4-BF94-02C1AC03A9FF}.Debug|Any CPU.Build.0 = Debug|Any CPU
		{B122C5F5-2952-47F4-BF94-02C1AC03A9FF}.Release|Any CPU.ActiveCfg = Release|Any CPU
		{B122C5F5-2952-47F4-BF94-02C1AC03A9FF}.Release|Any CPU.Build.0 = Release|Any CPU
		{C4B02F64-1930-44FB-A3DF-F44DDA50B12D}.Debug|Any CPU.ActiveCfg = Debug|Any CPU
		{C4B02F64-1930-44FB-A3DF-F44DDA50B12D}.Debug|Any CPU.Build.0 = Debug|Any CPU
		{C4B02F64-1930-44FB-A3DF-F44DDA50B12D}.Release|Any CPU.ActiveCfg = Release|Any CPU
		{C4B02F64-1930-44FB-A3DF-F44DDA50B12D}.Release|Any CPU.Build.0 = Release|Any CPU
	EndGlobalSection
	GlobalSection(SolutionProperties) = preSolution
		HideSolutionNode = FALSE
	EndGlobalSection
	GlobalSection(ExtensibilityGlobals) = postSolution
		SolutionGuid = {89C59A3D-7474-4CE3-BA56-AFCF99FEB3E0}
	EndGlobalSection
EndGlobal
